
Microsoft Visual Studio Solution File, Format Version 12.00
# Visual Studio 15
Project("{FAE04EC0-301F-11D3-BF4B-00C04F79EFBC}") = "Assembly-CSharp", "Assembly-CSharp.csproj", "{15CC6021-EEA9-7069-DFC7-4540FD2D1440}"
EndProject
Project("{FAE04EC0-301F-11D3-BF4B-00C04F79EFBC}") = "Assembly-CSharp-Editor", "Assembly-CSharp-Editor.csproj", "{817A3B21-335F-D3FC-7D2B-287C85A28E54}"
EndProject
Global
	GlobalSection(SolutionConfigurationPlatforms) = preSolution
		Debug|Any CPU = Debug|Any CPU
		Release|Any CPU = Release|Any CPU
	EndGlobalSection
	GlobalSection(ProjectConfigurationPlatforms) = postSolution
		{15CC6021-EEA9-7069-DFC7-4540FD2D1440}.Debug|Any CPU.ActiveCfg = Debug|Any CPU
		{15CC6021-EEA9-7069-DFC7-4540FD2D1440}.Debug|Any CPU.Build.0 = Debug|Any CPU
		{15CC6021-EEA9-7069-DFC7-4540FD2D1440}.Release|Any CPU.ActiveCfg = Release|Any CPU
		{15CC6021-EEA9-7069-DFC7-4540FD2D1440}.Release|Any CPU.Build.0 = Release|Any CPU
		{817A3B21-335F-D3FC-7D2B-287C85A28E54}.Debug|Any CPU.ActiveCfg = Debug|Any CPU
		{817A3B21-335F-D3FC-7D2B-287C85A28E54}.Debug|Any CPU.Build.0 = Debug|Any CPU
		{817A3B21-335F-D3FC-7D2B-287C85A28E54}.Release|Any CPU.ActiveCfg = Release|Any CPU
		{817A3B21-335F-D3FC-7D2B-287C85A28E54}.Release|Any CPU.Build.0 = Release|Any CPU
	EndGlobalSection
	GlobalSection(SolutionProperties) = preSolution
		HideSolutionNode = FALSE
	EndGlobalSection
EndGlobal
